
Microsoft Visual Studio Solution File, Format Version 12.00
# Visual Studio Version 17
VisualStudioVersion = 17.5.33502.453
MinimumVisualStudioVersion = 10.0.40219.1
Project("{8BC9CEB8-8B4A-11D0-8D11-00A0C91BC942}") = "AOC_day_2", "AOC_day_2.vcxproj", "{27EEE6E5-B6EA-4300-ADB3-B34E40F760BF}"
EndProject
Global
	GlobalSection(SolutionConfigurationPlatforms) = preSolution
		Debug|x64 = Debug|x64
		Debug|x86 = Debug|x86
		Release|x64 = Release|x64
		Release|x86 = Release|x86
	EndGlobalSection
	GlobalSection(ProjectConfigurationPlatforms) = postSolution
		{27EEE6E5-B6EA-4300-ADB3-B34E40F760BF}.Debug|x64.ActiveCfg = Debug|x64
		{27EEE6E5-B6EA-4300-ADB3-B34E40F760BF}.Debug|x64.Build.0 = Debug|x64
		{27EEE6E5-B6EA-4300-ADB3-B34E40F760BF}.Debug|x86.ActiveCfg = Debug|Win32
		{27EEE6E5-B6EA-4300-ADB3-B34E40F760BF}.Debug|x86.Build.0 = Debug|Win32
		{27EEE6E5-B6EA-4300-ADB3-B34E40F760BF}.Release|x64.ActiveCfg = Release|x64
		{27EEE6E5-B6EA-4300-ADB3-B34E40F760BF}.Release|x64.Build.0 = Release|x64
		{27EEE6E5-B6EA-4300-ADB3-B34E40F760BF}.Release|x86.ActiveCfg = Release|Win32
		{27EEE6E5-B6EA-4300-ADB3-B34E40F760BF}.Release|x86.Build.0 = Release|Win32
	EndGlobalSection
	GlobalSection(SolutionProperties) = preSolution
		HideSolutionNode = FALSE
	EndGlobalSection
	GlobalSection(ExtensibilityGlobals) = postSolution
		SolutionGuid = {5FA39374-0C37-49C0-8498-A139FF2E5027}
	EndGlobalSection
EndGlobal
